Microsoft Visual Studio Solution File, Format Version 12.00
# Visual Studio Version 16
VisualStudioVersion = 16.0.0.0
MinimumVisualStudioVersion = 16.0.0.0
Project("{9A19103F-16F7-4668-BE54-9A1E7A4F7556}") = "CarChecker.Server", "Server\CarChecker.Server.csproj", "{28148247-170D-49AE-A367-7984410446CF}"
EndProject
Project("{9A19103F-16F7-4668-BE54-9A1E7A4F7556}") = "CarChecker.Client", "Client\CarChecker.Client.csproj", "{985FD988-9FA6-4305-A7BB-70E31DF1D0B8}"
EndProject
Project("{9A19103F-16F7-4668-BE54-9A1E7A4F7556}") = "CarChecker.Shared", "Shared\CarChecker.Shared.csproj", "{C5DD5CF5-8462-4433-B463-E3F3EA6F0FA1}"
EndProject
Project("{9A19103F-16F7-4668-BE54-9A1E7A4F7556}") = "CarChecker", "CarChecker\CarChecker.csproj", "{CCCAD1C0-161B-4D46-982E-379B8CCFD699}"
EndProject
Project("{FAE04EC0-301F-11D3-BF4B-00C04F79EFBC}") = "CarChecker.Android", "CarChecker.Android\CarChecker.Android.csproj", "{6C722327-5898-499C-8DF1-6BF2BC1FB6FE}"
EndProject
Project("{FAE04EC0-301F-11D3-BF4B-00C04F79EFBC}") = "CarChecker.iOS", "CarChecker.iOS\CarChecker.iOS.csproj", "{553C2847-ED3D-41B0-ADB3-EB49886236FD}"
EndProject
Project("{FAE04EC0-301F-11D3-BF4B-00C04F79EFBC}") = "CarChecker.macOS", "CarChecker.macOS\CarChecker.macOS.csproj", "{E4E7F2FB-F2E2-4D7B-9854-6E9B98039069}"
EndProject
Project("{9A19103F-16F7-4668-BE54-9A1E7A4F7556}") = "CarChecker.Windows", "CarChecker.Windows\CarChecker.Windows.csproj", "{4DCB9C48-CDDE-4394-8DF8-85B75A354339}"
EndProject
Project("{2150E333-8FDC-42A3-9474-1A3956D46DE8}") = "Server", "Server", "{3F9AAF3C-3F69-4C9F-A376-CC2DB2FA4D4F}"
EndProject
Project("{2150E333-8FDC-42A3-9474-1A3956D46DE8}") = "Shared", "Shared", "{CB9ADFD9-267E-4D97-9D86-D57D591C562E}"
EndProject
Project("{2150E333-8FDC-42A3-9474-1A3956D46DE8}") = "Clients", "Clients", "{3EFB72A1-3355-4FE2-905D-93100EEA719A}"
EndProject
Global
	GlobalSection(SolutionConfigurationPlatforms) = preSolution
		Debug|Any CPU = Debug|Any CPU
		Debug|iPhone = Debug|iPhone
		Debug|iPhoneSimulator = Debug|iPhoneSimulator
		Debug|x64 = Debug|x64
		Debug|x86 = Debug|x86
		Release|Any CPU = Release|Any CPU
		Release|iPhone = Release|iPhone
		Release|iPhoneSimulator = Release|iPhoneSimulator
		Release|x64 = Release|x64
		Release|x86 = Release|x86
	EndGlobalSection
	GlobalSection(ProjectConfigurationPlatforms) = postSolution
		{28148247-170D-49AE-A367-7984410446CF}.Debug|Any CPU.ActiveCfg = Debug|Any CPU
		{28148247-170D-49AE-A367-7984410446CF}.Debug|Any CPU.Build.0 = Debug|Any CPU
		{28148247-170D-49AE-A367-7984410446CF}.Debug|iPhone.ActiveCfg = Debug|Any CPU
		{28148247-170D-49AE-A367-7984410446CF}.Debug|iPhone.Build.0 = Debug|Any CPU
		{28148247-170D-49AE-A367-7984410446CF}.Debug|iPhoneSimulator.ActiveCfg = Debug|Any CPU
		{28148247-170D-49AE-A367-7984410446CF}.Debug|iPhoneSimulator.Build.0 = Debug|Any CPU
		{28148247-170D-49AE-A367-7984410446CF}.Debug|x64.ActiveCfg = Debug|Any CPU
		{28148247-170D-49AE-A367-7984410446CF}.Debug|x64.Build.0 = Debug|Any CPU
		{28148247-170D-49AE-A367-7984410446CF}.Debug|x86.ActiveCfg = Debug|Any CPU
		{28148247-170D-49AE-A367-7984410446CF}.Debug|x86.Build.0 = Debug|Any CPU
		{28148247-170D-49AE-A367-7984410446CF}.Release|Any CPU.ActiveCfg = Release|Any CPU
		{28148247-170D-49AE-A367-7984410446CF}.Release|Any CPU.Build.0 = Release|Any CPU
		{28148247-170D-49AE-A367-7984410446CF}.Release|iPhone.ActiveCfg = Release|Any CPU
		{28148247-170D-49AE-A367-7984410446CF}.Release|iPhone.Build.0 = Release|Any CPU
		{28148247-170D-49AE-A367-7984410446CF}.Release|iPhoneSimulator.ActiveCfg = Release|Any CPU
		{28148247-170D-49AE-A367-7984410446CF}.Release|iPhoneSimulator.Build.0 = Release|Any CPU
		{28148247-170D-49AE-A367-7984410446CF}.Release|x64.ActiveCfg = Release|Any CPU
		{28148247-170D-49AE-A367-7984410446CF}.Release|x64.Build.0 = Release|Any CPU
		{28148247-170D-49AE-A367-7984410446CF}.Release|x86.ActiveCfg = Release|Any CPU
		{28148247-170D-49AE-A367-7984410446CF}.Release|x86.Build.0 = Release|Any CPU
		{985FD988-9FA6-4305-A7BB-70E31DF1D0B8}.Debug|Any CPU.ActiveCfg = Debug|Any CPU
		{985FD988-9FA6-4305-A7BB-70E31DF1D0B8}.Debug|Any CPU.Build.0 = Debug|Any CPU
		{985FD988-9FA6-4305-A7BB-70E31DF1D0B8}.Debug|iPhone.ActiveCfg = Debug|Any CPU
		{985FD988-9FA6-4305-A7BB-70E31DF1D0B8}.Debug|iPhone.Build.0 = Debug|Any CPU
		{985FD988-9FA6-4305-A7BB-70E31DF1D0B8}.Debug|iPhoneSimulator.ActiveCfg = Debug|Any CPU
		{985FD988-9FA6-4305-A7BB-70E31DF1D0B8}.Debug|iPhoneSimulator.Build.0 = Debug|Any CPU
		{985FD988-9FA6-4305-A7BB-70E31DF1D0B8}.Debug|x64.ActiveCfg = Debug|Any CPU
		{985FD988-9FA6-4305-A7BB-70E31DF1D0B8}.Debug|x64.Build.0 = Debug|Any CPU
		{985FD988-9FA6-4305-A7BB-70E31DF1D0B8}.Debug|x86.ActiveCfg = Debug|Any CPU
		{985FD988-9FA6-4305-A7BB-70E31DF1D0B8}.Debug|x86.Build.0 = Debug|Any CPU
		{985FD988-9FA6-4305-A7BB-70E31DF1D0B8}.Release|Any CPU.ActiveCfg = Release|Any CPU
		{985FD988-9FA6-4305-A7BB-70E31DF1D0B8}.Release|Any CPU.Build.0 = Release|Any CPU
		{985FD988-9FA6-4305-A7BB-70E31DF1D0B8}.Release|iPhone.ActiveCfg = Release|Any CPU
		{985FD988-9FA6-4305-A7BB-70E31DF1D0B8}.Release|iPhone.Build.0 = Release|Any CPU
		{985FD988-9FA6-4305-A7BB-70E31DF1D0B8}.Release|iPhoneSimulator.ActiveCfg = Release|Any CPU
		{985FD988-9FA6-4305-A7BB-70E31DF1D0B8}.Release|iPhoneSimulator.Build.0 = Release|Any CPU
		{985FD988-9FA6-4305-A7BB-70E31DF1D0B8}.Release|x64.ActiveCfg = Release|Any CPU
		{985FD988-9FA6-4305-A7BB-70E31DF1D0B8}.Release|x64.Build.0 = Release|Any CPU
		{985FD988-9FA6-4305-A7BB-70E31DF1D0B8}.Release|x86.ActiveCfg = Release|Any CPU
		{985FD988-9FA6-4305-A7BB-70E31DF1D0B8}.Release|x86.Build.0 = Release|Any CPU
		{C5DD5CF5-8462-4433-B463-E3F3EA6F0FA1}.Debug|Any CPU.ActiveCfg = Debug|Any CPU
		{C5DD5CF5-8462-4433-B463-E3F3EA6F0FA1}.Debug|Any CPU.Build.0 = Debug|Any CPU
		{C5DD5CF5-8462-4433-B463-E3F3EA6F0FA1}.Debug|iPhone.ActiveCfg = Debug|Any CPU
		{C5DD5CF5-8462-4433-B463-E3F3EA6F0FA1}.Debug|iPhone.Build.0 = Debug|Any CPU
		{C5DD5CF5-8462-4433-B463-E3F3EA6F0FA1}.Debug|iPhoneSimulator.ActiveCfg = Debug|Any CPU
		{C5DD5CF5-8462-4433-B463-E3F3EA6F0FA1}.Debug|iPhoneSimulator.Build.0 = Debug|Any CPU
		{C5DD5CF5-8462-4433-B463-E3F3EA6F0FA1}.Debug|x64.ActiveCfg = Debug|Any CPU
		{C5DD5CF5-8462-4433-B463-E3F3EA6F0FA1}.Debug|x64.Build.0 = Debug|Any CPU
		{C5DD5CF5-8462-4433-B463-E3F3EA6F0FA1}.Debug|x86.ActiveCfg = Debug|Any CPU
		{C5DD5CF5-8462-4433-B463-E3F3EA6F0FA1}.Debug|x86.Build.0 = Debug|Any CPU
		{C5DD5CF5-8462-4433-B463-E3F3EA6F0FA1}.Release|Any CPU.ActiveCfg = Release|Any CPU
		{C5DD5CF5-8462-4433-B463-E3F3EA6F0FA1}.Release|Any CPU.Build.0 = Release|Any CPU
		{C5DD5CF5-8462-4433-B463-E3F3EA6F0FA1}.Release|iPhone.ActiveCfg = Release|Any CPU
		{C5DD5CF5-8462-4433-B463-E3F3EA6F0FA1}.Release|iPhone.Build.0 = Release|Any CPU
		{C5DD5CF5-8462-4433-B463-E3F3EA6F0FA1}.Release|iPhoneSimulator.ActiveCfg = Release|Any CPU
		{C5DD5CF5-8462-4433-B463-E3F3EA6F0FA1}.Release|iPhoneSimulator.Build.0 = Release|Any CPU
		{C5DD5CF5-8462-4433-B463-E3F3EA6F0FA1}.Release|x64.ActiveCfg = Release|Any CPU
		{C5DD5CF5-8462-4433-B463-E3F3EA6F0FA1}.Release|x64.Build.0 = Release|Any CPU
		{C5DD5CF5-8462-4433-B463-E3F3EA6F0FA1}.Release|x86.ActiveCfg = Release|Any CPU
		{C5DD5CF5-8462-4433-B463-E3F3EA6F0FA1}.Release|x86.Build.0 = Release|Any CPU
		{CCCAD1C0-161B-4D46-982E-379B8CCFD699}.Debug|Any CPU.ActiveCfg = Debug|Any CPU
		{CCCAD1C0-161B-4D46-982E-379B8CCFD699}.Debug|Any CPU.Build.0 = Debug|Any CPU
		{CCCAD1C0-161B-4D46-982E-379B8CCFD699}.Debug|iPhone.ActiveCfg = Debug|Any CPU
		{CCCAD1C0-161B-4D46-982E-379B8CCFD699}.Debug|iPhone.Build.0 = Debug|Any CPU
		{CCCAD1C0-161B-4D46-982E-379B8CCFD699}.Debug|iPhoneSimulator.ActiveCfg = Debug|Any CPU
		{CCCAD1C0-161B-4D46-982E-379B8CCFD699}.Debug|iPhoneSimulator.Build.0 = Debug|Any CPU
		{CCCAD1C0-161B-4D46-982E-379B8CCFD699}.Debug|x64.ActiveCfg = Debug|Any CPU
		{CCCAD1C0-161B-4D46-982E-379B8CCFD699}.Debug|x64.Build.0 = Debug|Any CPU
		{CCCAD1C0-161B-4D46-982E-379B8CCFD699}.Debug|x86.ActiveCfg = Debug|Any CPU
		{CCCAD1C0-161B-4D46-982E-379B8CCFD699}.Debug|x86.Build.0 = Debug|Any CPU
		{CCCAD1C0-161B-4D46-982E-379B8CCFD699}.Release|Any CPU.ActiveCfg = Release|Any CPU
		{CCCAD1C0-161B-4D46-982E-379B8CCFD699}.Release|Any CPU.Build.0 = Release|Any CPU
		{CCCAD1C0-161B-4D46-982E-379B8CCFD699}.Release|iPhone.ActiveCfg = Release|Any CPU
		{CCCAD1C0-161B-4D46-982E-379B8CCFD699}.Release|iPhone.Build.0 = Release|Any CPU
		{CCCAD1C0-161B-4D46-982E-379B8CCFD699}.Release|iPhoneSimulator.ActiveCfg = Release|Any CPU
		{CCCAD1C0-161B-4D46-982E-379B8CCFD699}.Release|iPhoneSimulator.Build.0 = Release|Any CPU
		{CCCAD1C0-161B-4D46-982E-379B8CCFD699}.Release|x64.ActiveCfg = Release|Any CPU
		{CCCAD1C0-161B-4D46-982E-379B8CCFD699}.Release|x64.Build.0 = Release|Any CPU
		{CCCAD1C0-161B-4D46-982E-379B8CCFD699}.Release|x86.ActiveCfg = Release|Any CPU
		{CCCAD1C0-161B-4D46-982E-379B8CCFD699}.Release|x86.Build.0 = Release|Any CPU
		{6C722327-5898-499C-8DF1-6BF2BC1FB6FE}.Debug|Any CPU.ActiveCfg = Debug|Any CPU
		{6C722327-5898-499C-8DF1-6BF2BC1FB6FE}.Debug|Any CPU.Build.0 = Debug|Any CPU
		{6C722327-5898-499C-8DF1-6BF2BC1FB6FE}.Debug|Any CPU.Deploy.0 = Debug|Any CPU
		{6C722327-5898-499C-8DF1-6BF2BC1FB6FE}.Debug|iPhone.ActiveCfg = Debug|Any CPU
		{6C722327-5898-499C-8DF1-6BF2BC1FB6FE}.Debug|iPhone.Build.0 = Debug|Any CPU
		{6C722327-5898-499C-8DF1-6BF2BC1FB6FE}.Debug|iPhone.Deploy.0 = Debug|Any CPU
		{6C722327-5898-499C-8DF1-6BF2BC1FB6FE}.Debug|iPhoneSimulator.ActiveCfg = Debug|Any CPU
		{6C722327-5898-499C-8DF1-6BF2BC1FB6FE}.Debug|iPhoneSimulator.Build.0 = Debug|Any CPU
		{6C722327-5898-499C-8DF1-6BF2BC1FB6FE}.Debug|iPhoneSimulator.Deploy.0 = Debug|Any CPU
		{6C722327-5898-499C-8DF1-6BF2BC1FB6FE}.Debug|x64.ActiveCfg = Debug|Any CPU
		{6C722327-5898-499C-8DF1-6BF2BC1FB6FE}.Debug|x64.Build.0 = Debug|Any CPU
		{6C722327-5898-499C-8DF1-6BF2BC1FB6FE}.Debug|x64.Deploy.0 = Debug|Any CPU
		{6C722327-5898-499C-8DF1-6BF2BC1FB6FE}.Debug|x86.ActiveCfg = Debug|Any CPU
		{6C722327-5898-499C-8DF1-6BF2BC1FB6FE}.Debug|x86.Build.0 = Debug|Any CPU
		{6C722327-5898-499C-8DF1-6BF2BC1FB6FE}.Debug|x86.Deploy.0 = Debug|Any CPU
		{6C722327-5898-499C-8DF1-6BF2BC1FB6FE}.Release|Any CPU.ActiveCfg = Release|Any CPU
		{6C722327-5898-499C-8DF1-6BF2BC1FB6FE}.Release|Any CPU.Build.0 = Release|Any CPU
		{6C722327-5898-499C-8DF1-6BF2BC1FB6FE}.Release|Any CPU.Deploy.0 = Release|Any CPU
		{6C722327-5898-499C-8DF1-6BF2BC1FB6FE}.Release|iPhone.ActiveCfg = Release|Any CPU
		{6C722327-5898-499C-8DF1-6BF2BC1FB6FE}.Release|iPhone.Build.0 = Release|Any CPU
		{6C722327-5898-499C-8DF1-6BF2BC1FB6FE}.Release|iPhone.Deploy.0 = Release|Any CPU
		{6C722327-5898-499C-8DF1-6BF2BC1FB6FE}.Release|iPhoneSimulator.ActiveCfg = Release|Any CPU
		{6C722327-5898-499C-8DF1-6BF2BC1FB6FE}.Release|iPhoneSimulator.Build.0 = Release|Any CPU
		{6C722327-5898-499C-8DF1-6BF2BC1FB6FE}.Release|iPhoneSimulator.Deploy.0 = Release|Any CPU
		{6C722327-5898-499C-8DF1-6BF2BC1FB6FE}.Release|x64.ActiveCfg = Release|Any CPU
		{6C722327-5898-499C-8DF1-6BF2BC1FB6FE}.Release|x64.Build.0 = Release|Any CPU
		{6C722327-5898-499C-8DF1-6BF2BC1FB6FE}.Release|x64.Deploy.0 = Release|Any CPU
		{6C722327-5898-499C-8DF1-6BF2BC1FB6FE}.Release|x86.ActiveCfg = Release|Any CPU
		{6C722327-5898-499C-8DF1-6BF2BC1FB6FE}.Release|x86.Build.0 = Release|Any CPU
		{6C722327-5898-499C-8DF1-6BF2BC1FB6FE}.Release|x86.Deploy.0 = Release|Any CPU
		{553C2847-ED3D-41B0-ADB3-EB49886236FD}.Debug|Any CPU.ActiveCfg = Debug|iPhoneSimulator
		{553C2847-ED3D-41B0-ADB3-EB49886236FD}.Debug|iPhone.ActiveCfg = Debug|iPhone
		{553C2847-ED3D-41B0-ADB3-EB49886236FD}.Debug|iPhone.Build.0 = Debug|iPhone
		{553C2847-ED3D-41B0-ADB3-EB49886236FD}.Debug|iPhoneSimulator.ActiveCfg = Debug|iPhoneSimulator
		{553C2847-ED3D-41B0-ADB3-EB49886236FD}.Debug|iPhoneSimulator.Build.0 = Debug|iPhoneSimulator
		{553C2847-ED3D-41B0-ADB3-EB49886236FD}.Debug|x64.ActiveCfg = Debug|iPhoneSimulator
		{553C2847-ED3D-41B0-ADB3-EB49886236FD}.Debug|x86.ActiveCfg = Debug|iPhoneSimulator
		{553C2847-ED3D-41B0-ADB3-EB49886236FD}.Release|Any CPU.ActiveCfg = Release|iPhoneSimulator
		{553C2847-ED3D-41B0-ADB3-EB49886236FD}.Release|iPhone.ActiveCfg = Release|iPhone
		{553C2847-ED3D-41B0-ADB3-EB49886236FD}.Release|iPhone.Build.0 = Release|iPhone
		{553C2847-ED3D-41B0-ADB3-EB49886236FD}.Release|iPhoneSimulator.ActiveCfg = Release|iPhoneSimulator
		{553C2847-ED3D-41B0-ADB3-EB49886236FD}.Release|iPhoneSimulator.Build.0 = Release|iPhoneSimulator
		{553C2847-ED3D-41B0-ADB3-EB49886236FD}.Release|x64.ActiveCfg = Release|iPhoneSimulator
		{553C2847-ED3D-41B0-ADB3-EB49886236FD}.Release|x86.ActiveCfg = Release|iPhoneSimulator
		{E4E7F2FB-F2E2-4D7B-9854-6E9B98039069}.Debug|Any CPU.ActiveCfg = Debug|Any CPU
		{E4E7F2FB-F2E2-4D7B-9854-6E9B98039069}.Debug|Any CPU.Build.0 = Debug|Any CPU
		{E4E7F2FB-F2E2-4D7B-9854-6E9B98039069}.Debug|iPhone.ActiveCfg = Debug|Any CPU
		{E4E7F2FB-F2E2-4D7B-9854-6E9B98039069}.Debug|iPhone.Build.0 = Debug|Any CPU
		{E4E7F2FB-F2E2-4D7B-9854-6E9B98039069}.Debug|iPhoneSimulator.ActiveCfg = Debug|Any CPU
		{E4E7F2FB-F2E2-4D7B-9854-6E9B98039069}.Debug|iPhoneSimulator.Build.0 = Debug|Any CPU
		{E4E7F2FB-F2E2-4D7B-9854-6E9B98039069}.Debug|x64.ActiveCfg = Debug|Any CPU
		{E4E7F2FB-F2E2-4D7B-9854-6E9B98039069}.Debug|x64.Build.0 = Debug|Any CPU
		{E4E7F2FB-F2E2-4D7B-9854-6E9B98039069}.Debug|x86.ActiveCfg = Debug|Any CPU
		{E4E7F2FB-F2E2-4D7B-9854-6E9B98039069}.Debug|x86.Build.0 = Debug|Any CPU
		{E4E7F2FB-F2E2-4D7B-9854-6E9B98039069}.Release|Any CPU.ActiveCfg = Release|Any CPU
		{E4E7F2FB-F2E2-4D7B-9854-6E9B98039069}.Release|Any CPU.Build.0 = Release|Any CPU
		{E4E7F2FB-F2E2-4D7B-9854-6E9B98039069}.Release|iPhone.ActiveCfg = Release|Any CPU
		{E4E7F2FB-F2E2-4D7B-9854-6E9B98039069}.Release|iPhone.Build.0 = Release|Any CPU
		{E4E7F2FB-F2E2-4D7B-9854-6E9B98039069}.Release|iPhoneSimulator.ActiveCfg = Release|Any CPU
		{E4E7F2FB-F2E2-4D7B-9854-6E9B98039069}.Release|iPhoneSimulator.Build.0 = Release|Any CPU
		{E4E7F2FB-F2E2-4D7B-9854-6E9B98039069}.Release|x64.ActiveCfg = Release|Any CPU
		{E4E7F2FB-F2E2-4D7B-9854-6E9B98039069}.Release|x64.Build.0 = Release|Any CPU
		{E4E7F2FB-F2E2-4D7B-9854-6E9B98039069}.Release|x86.ActiveCfg = Release|Any CPU
		{E4E7F2FB-F2E2-4D7B-9854-6E9B98039069}.Release|x86.Build.0 = Release|Any CPU
		{4DCB9C48-CDDE-4394-8DF8-85B75A354339}.Debug|Any CPU.ActiveCfg = Debug|Any CPU
		{4DCB9C48-CDDE-4394-8DF8-85B75A354339}.Debug|Any CPU.Build.0 = Debug|Any CPU
		{4DCB9C48-CDDE-4394-8DF8-85B75A354339}.Debug|iPhone.ActiveCfg = Debug|Any CPU
		{4DCB9C48-CDDE-4394-8DF8-85B75A354339}.Debug|iPhone.Build.0 = Debug|Any CPU
		{4DCB9C48-CDDE-4394-8DF8-85B75A354339}.Debug|iPhoneSimulator.ActiveCfg = Debug|Any CPU
		{4DCB9C48-CDDE-4394-8DF8-85B75A354339}.Debug|iPhoneSimulator.Build.0 = Debug|Any CPU
		{4DCB9C48-CDDE-4394-8DF8-85B75A354339}.Debug|x64.ActiveCfg = Debug|Any CPU
		{4DCB9C48-CDDE-4394-8DF8-85B75A354339}.Debug|x64.Build.0 = Debug|Any CPU
		{4DCB9C48-CDDE-4394-8DF8-85B75A354339}.Debug|x86.ActiveCfg = Debug|Any CPU
		{4DCB9C48-CDDE-4394-8DF8-85B75A354339}.Debug|x86.Build.0 = Debug|Any CPU
		{4DCB9C48-CDDE-4394-8DF8-85B75A354339}.Release|Any CPU.ActiveCfg = Release|Any CPU
		{4DCB9C48-CDDE-4394-8DF8-85B75A354339}.Release|Any CPU.Build.0 = Release|Any CPU
		{4DCB9C48-CDDE-4394-8DF8-85B75A354339}.Release|iPhone.ActiveCfg = Release|Any CPU
		{4DCB9C48-CDDE-4394-8DF8-85B75A354339}.Release|iPhone.Build.0 = Release|Any CPU
		{4DCB9C48-CDDE-4394-8DF8-85B75A354339}.Release|iPhoneSimulator.ActiveCfg = Release|Any CPU
		{4DCB9C48-CDDE-4394-8DF8-85B75A354339}.Release|iPhoneSimulator.Build.0 = Release|Any CPU
		{4DCB9C48-CDDE-4394-8DF8-85B75A354339}.Release|x64.ActiveCfg = Release|Any CPU
		{4DCB9C48-CDDE-4394-8DF8-85B75A354339}.Release|x64.Build.0 = Release|Any CPU
		{4DCB9C48-CDDE-4394-8DF8-85B75A354339}.Release|x86.ActiveCfg = Release|Any CPU
		{4DCB9C48-CDDE-4394-8DF8-85B75A354339}.Release|x86.Build.0 = Release|Any CPU
	EndGlobalSection
	GlobalSection(SolutionProperties) = preSolution
		HideSolutionNode = FALSE
	EndGlobalSection
	GlobalSection(NestedProjects) = preSolution
		{28148247-170D-49AE-A367-7984410446CF} = {3F9AAF3C-3F69-4C9F-A376-CC2DB2FA4D4F}
		{985FD988-9FA6-4305-A7BB-70E31DF1D0B8} = {3EFB72A1-3355-4FE2-905D-93100EEA719A}
		{C5DD5CF5-8462-4433-B463-E3F3EA6F0FA1} = {CB9ADFD9-267E-4D97-9D86-D57D591C562E}
		{CCCAD1C0-161B-4D46-982E-379B8CCFD699} = {CB9ADFD9-267E-4D97-9D86-D57D591C562E}
		{6C722327-5898-499C-8DF1-6BF2BC1FB6FE} = {3EFB72A1-3355-4FE2-905D-93100EEA719A}
		{553C2847-ED3D-41B0-ADB3-EB49886236FD} = {3EFB72A1-3355-4FE2-905D-93100EEA719A}
		{E4E7F2FB-F2E2-4D7B-9854-6E9B98039069} = {3EFB72A1-3355-4FE2-905D-93100EEA719A}
		{4DCB9C48-CDDE-4394-8DF8-85B75A354339} = {3EFB72A1-3355-4FE2-905D-93100EEA719A}
	EndGlobalSection
	GlobalSection(ExtensibilityGlobals) = postSolution
		SolutionGuid = {C511E458-9B4D-4D16-AB90-69DC35B0F57B}
	EndGlobalSection
EndGlobal
